
Microsoft Visual Studio Solution File, Format Version 12.00
# Visual Studio Version 17
VisualStudioVersion = 17.7.34031.279
MinimumVisualStudioVersion = 10.0.40219.1
Project("{FAE04EC0-301F-11D3-BF4B-00C04F79EFBC}") = "TypesAndVariables", "TypesAndVariables\TypesAndVariables.csproj", "{6030DA8F-F948-4C16-8F91-AA45B753F88D}"
EndProject
Project("{FAE04EC0-301F-11D3-BF4B-00C04F79EFBC}") = "Conditionals", "Conditionals\Conditionals.csproj", "{792F4676-B381-48D3-8C47-9398E720EE9F}"
EndProject
Project("{FAE04EC0-301F-11D3-BF4B-00C04F79EFBC}") = "Methods", "Methods\Methods.csproj", "{EC0CA29F-49E1-4662-B2FC-F6D3EB5DA3C0}"
EndProject
Project("{FAE04EC0-301F-11D3-BF4B-00C04F79EFBC}") = "Arrays", "Arrays\Arrays.csproj", "{F4F43BFD-1066-435F-9ABD-DAB3D975C86B}"
EndProject
Project("{FAE04EC0-301F-11D3-BF4B-00C04F79EFBC}") = "Loops", "Loops\Loops.csproj", "{D301870A-BDE0-4FFC-BE8A-FE5C9133D011}"
EndProject
Project("{FAE04EC0-301F-11D3-BF4B-00C04F79EFBC}") = "PrimeNumberApp", "PrimeNumberApp\PrimeNumberApp.csproj", "{C3EACED9-294A-4E90-8E97-4502C9074925}"
EndProject
Project("{FAE04EC0-301F-11D3-BF4B-00C04F79EFBC}") = "ReferenceTypes", "ReferenceTypes\ReferenceTypes.csproj", "{CA8E089C-C9EE-476A-AE8F-3AEECAF1E029}"
EndProject
Project("{FAE04EC0-301F-11D3-BF4B-00C04F79EFBC}") = "Classes", "Classes\Classes.csproj", "{DF1C1256-0B53-4C88-9DA3-36F549E629B0}"
EndProject
Project("{FAE04EC0-301F-11D3-BF4B-00C04F79EFBC}") = "Interfaces", "Interfaces\Interfaces.csproj", "{1FF095A7-2CBA-4908-8DD2-F584D41520EF}"
EndProject
Project("{FAE04EC0-301F-11D3-BF4B-00C04F79EFBC}") = "Implementation", "Implementation\Implementation.csproj", "{EA7BA42A-1792-4DD0-B049-2A3E9D828346}"
EndProject
Project("{FAE04EC0-301F-11D3-BF4B-00C04F79EFBC}") = "Inheritance", "Inheritance\Inheritance.csproj", "{54B89484-FC32-4D5A-AA85-AF9F812A50EB}"
EndProject
Global
	GlobalSection(SolutionConfigurationPlatforms) = preSolution
		Debug|Any CPU = Debug|Any CPU
		Release|Any CPU = Release|Any CPU
	EndGlobalSection
	GlobalSection(ProjectConfigurationPlatforms) = postSolution
		{6030DA8F-F948-4C16-8F91-AA45B753F88D}.Debug|Any CPU.ActiveCfg = Debug|Any CPU
		{6030DA8F-F948-4C16-8F91-AA45B753F88D}.Debug|Any CPU.Build.0 = Debug|Any CPU
		{6030DA8F-F948-4C16-8F91-AA45B753F88D}.Release|Any CPU.ActiveCfg = Release|Any CPU
		{6030DA8F-F948-4C16-8F91-AA45B753F88D}.Release|Any CPU.Build.0 = Release|Any CPU
		{792F4676-B381-48D3-8C47-9398E720EE9F}.Debug|Any CPU.ActiveCfg = Debug|Any CPU
		{792F4676-B381-48D3-8C47-9398E720EE9F}.Debug|Any CPU.Build.0 = Debug|Any CPU
		{792F4676-B381-48D3-8C47-9398E720EE9F}.Release|Any CPU.ActiveCfg = Release|Any CPU
		{792F4676-B381-48D3-8C47-9398E720EE9F}.Release|Any CPU.Build.0 = Release|Any CPU
		{EC0CA29F-49E1-4662-B2FC-F6D3EB5DA3C0}.Debug|Any CPU.ActiveCfg = Debug|Any CPU
		{EC0CA29F-49E1-4662-B2FC-F6D3EB5DA3C0}.Debug|Any CPU.Build.0 = Debug|Any CPU
		{EC0CA29F-49E1-4662-B2FC-F6D3EB5DA3C0}.Release|Any CPU.ActiveCfg = Release|Any CPU
		{EC0CA29F-49E1-4662-B2FC-F6D3EB5DA3C0}.Release|Any CPU.Build.0 = Release|Any CPU
		{F4F43BFD-1066-435F-9ABD-DAB3D975C86B}.Debug|Any CPU.ActiveCfg = Debug|Any CPU
		{F4F43BFD-1066-435F-9ABD-DAB3D975C86B}.Debug|Any CPU.Build.0 = Debug|Any CPU
		{F4F43BFD-1066-435F-9ABD-DAB3D975C86B}.Release|Any CPU.ActiveCfg = Release|Any CPU
		{F4F43BFD-1066-435F-9ABD-DAB3D975C86B}.Release|Any CPU.Build.0 = Release|Any CPU
		{D301870A-BDE0-4FFC-BE8A-FE5C9133D011}.Debug|Any CPU.ActiveCfg = Debug|Any CPU
		{D301870A-BDE0-4FFC-BE8A-FE5C9133D011}.Debug|Any CPU.Build.0 = Debug|Any CPU
		{D301870A-BDE0-4FFC-BE8A-FE5C9133D011}.Release|Any CPU.ActiveCfg = Release|Any CPU
		{D301870A-BDE0-4FFC-BE8A-FE5C9133D011}.Release|Any CPU.Build.0 = Release|Any CPU
		{C3EACED9-294A-4E90-8E97-4502C9074925}.Debug|Any CPU.ActiveCfg = Debug|Any CPU
		{C3EACED9-294A-4E90-8E97-4502C9074925}.Debug|Any CPU.Build.0 = Debug|Any CPU
		{C3EACED9-294A-4E90-8E97-4502C9074925}.Release|Any CPU.ActiveCfg = Release|Any CPU
		{C3EACED9-294A-4E90-8E97-4502C9074925}.Release|Any CPU.Build.0 = Release|Any CPU
		{CA8E089C-C9EE-476A-AE8F-3AEECAF1E029}.Debug|Any CPU.ActiveCfg = Debug|Any CPU
		{CA8E089C-C9EE-476A-AE8F-3AEECAF1E029}.Debug|Any CPU.Build.0 = Debug|Any CPU
		{CA8E089C-C9EE-476A-AE8F-3AEECAF1E029}.Release|Any CPU.ActiveCfg = Release|Any CPU
		{CA8E089C-C9EE-476A-AE8F-3AEECAF1E029}.Release|Any CPU.Build.0 = Release|Any CPU
		{DF1C1256-0B53-4C88-9DA3-36F549E629B0}.Debug|Any CPU.ActiveCfg = Debug|Any CPU
		{DF1C1256-0B53-4C88-9DA3-36F549E629B0}.Debug|Any CPU.Build.0 = Debug|Any CPU
		{DF1C1256-0B53-4C88-9DA3-36F549E629B0}.Release|Any CPU.ActiveCfg = Release|Any CPU
		{DF1C1256-0B53-4C88-9DA3-36F549E629B0}.Release|Any CPU.Build.0 = Release|Any CPU
		{1FF095A7-2CBA-4908-8DD2-F584D41520EF}.Debug|Any CPU.ActiveCfg = Debug|Any CPU
		{1FF095A7-2CBA-4908-8DD2-F584D41520EF}.Debug|Any CPU.Build.0 = Debug|Any CPU
		{1FF095A7-2CBA-4908-8DD2-F584D41520EF}.Release|Any CPU.ActiveCfg = Release|Any CPU
		{1FF095A7-2CBA-4908-8DD2-F584D41520EF}.Release|Any CPU.Build.0 = Release|Any CPU
		{EA7BA42A-1792-4DD0-B049-2A3E9D828346}.Debug|Any CPU.ActiveCfg = Debug|Any CPU
		{EA7BA42A-1792-4DD0-B049-2A3E9D828346}.Debug|Any CPU.Build.0 = Debug|Any CPU
		{EA7BA42A-1792-4DD0-B049-2A3E9D828346}.Release|Any CPU.ActiveCfg = Release|Any CPU
		{EA7BA42A-1792-4DD0-B049-2A3E9D828346}.Release|Any CPU.Build.0 = Release|Any CPU
		{54B89484-FC32-4D5A-AA85-AF9F812A50EB}.Debug|Any CPU.ActiveCfg = Debug|Any CPU
		{54B89484-FC32-4D5A-AA85-AF9F812A50EB}.Debug|Any CPU.Build.0 = Debug|Any CPU
		{54B89484-FC32-4D5A-AA85-AF9F812A50EB}.Release|Any CPU.ActiveCfg = Release|Any CPU
		{54B89484-FC32-4D5A-AA85-AF9F812A50EB}.Release|Any CPU.Build.0 = Release|Any CPU
	EndGlobalSection
	GlobalSection(SolutionProperties) = preSolution
		HideSolutionNode = FALSE
	EndGlobalSection
	GlobalSection(ExtensibilityGlobals) = postSolution
		SolutionGuid = {78CB4E8E-FDAB-4210-AF70-78BB223D402F}
	EndGlobalSection
EndGlobal
